// !$*UTF8*$!
{
	archiveVersion = 1;
	classes = {
	};
	objectVersion = 56;
	objects = {

/* Begin PBXBuildFile section */
		B82748362B972E7800E11ABD /* ProductCard.swift in Sources */ = {isa = PBXBuildFile; fileRef = B82748352B972E7800E11ABD /* ProductCard.swift */; };
		B827483B2B973BD000E11ABD /* CartButton.swift in Sources */ = {isa = PBXBuildFile; fileRef = B827483A2B973BD000E11ABD /* CartButton.swift */; };
		B827483D2B973D9100E11ABD /* CartView.swift in Sources */ = {isa = PBXBuildFile; fileRef = B827483C2B973D9100E11ABD /* CartView.swift */; };
		B82748432B974C9B00E11ABD /* CartManager.swift in Sources */ = {isa = PBXBuildFile; fileRef = B827483E2B974C7600E11ABD /* CartManager.swift */; };
		B82748452B975A7D00E11ABD /* ProductRow.swift in Sources */ = {isa = PBXBuildFile; fileRef = B82748442B975A7D00E11ABD /* ProductRow.swift */; };
		B86B824C2B95F03B00F018FD /* ShoppingAppDemoApp.swift in Sources */ = {isa = PBXBuildFile; fileRef = B86B824B2B95F03B00F018FD /* ShoppingAppDemoApp.swift */; };
		B86B824E2B95F03B00F018FD /* ContentView.swift in Sources */ = {isa = PBXBuildFile; fileRef = B86B824D2B95F03B00F018FD /* ContentView.swift */; };
		B86B82502B95F03D00F018FD /* Assets.xcassets in Resources */ = {isa = PBXBuildFile; fileRef = B86B824F2B95F03D00F018FD /* Assets.xcassets */; };
		B86B82532B95F03D00F018FD /* Preview Assets.xcassets in Resources */ = {isa = PBXBuildFile; fileRef = B86B82522B95F03D00F018FD /* Preview Assets.xcassets */; };
		B86B825D2B95F03D00F018FD /* ShoppingAppDemoTests.swift in Sources */ = {isa = PBXBuildFile; fileRef = B86B825C2B95F03D00F018FD /* ShoppingAppDemoTests.swift */; };
		B86B82672B95F03D00F018FD /* ShoppingAppDemoUITests.swift in Sources */ = {isa = PBXBuildFile; fileRef = B86B82662B95F03D00F018FD /* ShoppingAppDemoUITests.swift */; };
		B86B82692B95F03D00F018FD /* ShoppingAppDemoUITestsLaunchTests.swift in Sources */ = {isa = PBXBuildFile; fileRef = B86B82682B95F03D00F018FD /* ShoppingAppDemoUITestsLaunchTests.swift */; };
		B86B82772B95F29700F018FD /* Product.swift in Sources */ = {isa = PBXBuildFile; fileRef = B86B82762B95F29700F018FD /* Product.swift */; };
/* End PBXBuildFile section */

/* Begin PBXContainerItemProxy section */
		B86B82592B95F03D00F018FD /* PBXContainerItemProxy */ = {
			isa = PBXContainerItemProxy;
			containerPortal = B86B82402B95F03B00F018FD /* Project object */;
			proxyType = 1;
			remoteGlobalIDString = B86B82472B95F03B00F018FD;
			remoteInfo = ShoppingAppDemo;
		};
		B86B82632B95F03D00F018FD /* PBXContainerItemProxy */ = {
			isa = PBXContainerItemProxy;
			containerPortal = B86B82402B95F03B00F018FD /* Project object */;
			proxyType = 1;
			remoteGlobalIDString = B86B82472B95F03B00F018FD;
			remoteInfo = ShoppingAppDemo;
		};
/* End PBXContainerItemProxy section */

/* Begin PBXFileReference section */
		B82748352B972E7800E11ABD /* ProductCard.swift */ = {isa = PBXFileReference; lastKnownFileType = sourcecode.swift; path = ProductCard.swift; sourceTree = "<group>"; };
		B827483A2B973BD000E11ABD /* CartButton.swift */ = {isa = PBXFileReference; lastKnownFileType = sourcecode.swift; path = CartButton.swift; sourceTree = "<group>"; };
		B827483C2B973D9100E11ABD /* CartView.swift */ = {isa = PBXFileReference; lastKnownFileType = sourcecode.swift; path = CartView.swift; sourceTree = "<group>"; };
		B827483E2B974C7600E11ABD /* CartManager.swift */ = {isa = PBXFileReference; lastKnownFileType = sourcecode.swift; path = CartManager.swift; sourceTree = "<group>"; };
		B82748442B975A7D00E11ABD /* ProductRow.swift */ = {isa = PBXFileReference; lastKnownFileType = sourcecode.swift; path = ProductRow.swift; sourceTree = "<group>"; };
		B86B82482B95F03B00F018FD /* ShoppingAppDemo.app */ = {isa = PBXFileReference; explicitFileType = wrapper.application; includeInIndex = 0; path = ShoppingAppDemo.app; sourceTree = BUILT_PRODUCTS_DIR; };
		B86B824B2B95F03B00F018FD /* ShoppingAppDemoApp.swift */ = {isa = PBXFileReference; lastKnownFileType = sourcecode.swift; path = ShoppingAppDemoApp.swift; sourceTree = "<group>"; };
		B86B824D2B95F03B00F018FD /* ContentView.swift */ = {isa = PBXFileReference; lastKnownFileType = sourcecode.swift; path = ContentView.swift; sourceTree = "<group>"; };
		B86B824F2B95F03D00F018FD /* Assets.xcassets */ = {isa = PBXFileReference; lastKnownFileType = folder.assetcatalog; path = Assets.xcassets; sourceTree = "<group>"; };
		B86B82522B95F03D00F018FD /* Preview Assets.xcassets */ = {isa = PBXFileReference; lastKnownFileType = folder.assetcatalog; path = "Preview Assets.xcassets"; sourceTree = "<group>"; };
		B86B82582B95F03D00F018FD /* ShoppingAppDemoTests.xctest */ = {isa = PBXFileReference; explicitFileType = wrapper.cfbundle; includeInIndex = 0; path = ShoppingAppDemoTests.xctest; sourceTree = BUILT_PRODUCTS_DIR; };
		B86B825C2B95F03D00F018FD /* ShoppingAppDemoTests.swift */ = {isa = PBXFileReference; lastKnownFileType = sourcecode.swift; path = ShoppingAppDemoTests.swift; sourceTree = "<group>"; };
		B86B82622B95F03D00F018FD /* ShoppingAppDemoUITests.xctest */ = {isa = PBXFileReference; explicitFileType = wrapper.cfbundle; includeInIndex = 0; path = ShoppingAppDemoUITests.xctest; sourceTree = BUILT_PRODUCTS_DIR; };
		B86B82662B95F03D00F018FD /* ShoppingAppDemoUITests.swift */ = {isa = PBXFileReference; lastKnownFileType = sourcecode.swift; path = ShoppingAppDemoUITests.swift; sourceTree = "<group>"; };
		B86B82682B95F03D00F018FD /* ShoppingAppDemoUITestsLaunchTests.swift */ = {isa = PBXFileReference; lastKnownFileType = sourcecode.swift; path = ShoppingAppDemoUITestsLaunchTests.swift; sourceTree = "<group>"; };
		B86B82762B95F29700F018FD /* Product.swift */ = {isa = PBXFileReference; lastKnownFileType = sourcecode.swift; path = Product.swift; sourceTree = "<group>"; };
/* End PBXFileReference section */

/* Begin PBXFrameworksBuildPhase section */
		B86B82452B95F03B00F018FD /* Frameworks */ = {
			isa = PBXFrameworksBuildPhase;
			buildActionMask = 2147483647;
			files = (
			);
			runOnlyForDeploymentPostprocessing = 0;
		};
		B86B82552B95F03D00F018FD /* Frameworks */ = {
			isa = PBXFrameworksBuildPhase;
			buildActionMask = 2147483647;
			files = (
			);
			runOnlyForDeploymentPostprocessing = 0;
		};
		B86B825F2B95F03D00F018FD /* Frameworks */ = {
			isa = PBXFrameworksBuildPhase;
			buildActionMask = 2147483647;
			files = (
			);
			runOnlyForDeploymentPostprocessing = 0;
		};
/* End PBXFrameworksBuildPhase section */

/* Begin PBXGroup section */
		B82748342B972E4800E11ABD /* Components */ = {
			isa = PBXGroup;
			children = (
				B82748352B972E7800E11ABD /* ProductCard.swift */,
				B827483A2B973BD000E11ABD /* CartButton.swift */,
				B82748442B975A7D00E11ABD /* ProductRow.swift */,
			);
			path = Components;
			sourceTree = "<group>";
		};
		B82748372B97324E00E11ABD /* Views */ = {
			isa = PBXGroup;
			children = (
				B86B824D2B95F03B00F018FD /* ContentView.swift */,
				B827483C2B973D9100E11ABD /* CartView.swift */,
			);
			path = Views;
			sourceTree = "<group>";
		};
		B86B823F2B95F03B00F018FD = {
			isa = PBXGroup;
			children = (
				B86B824A2B95F03B00F018FD /* ShoppingAppDemo */,
				B86B825B2B95F03D00F018FD /* ShoppingAppDemoTests */,
				B86B82652B95F03D00F018FD /* ShoppingAppDemoUITests */,
				B86B82492B95F03B00F018FD /* Products */,
			);
			sourceTree = "<group>";
		};
		B86B82492B95F03B00F018FD /* Products */ = {
			isa = PBXGroup;
			children = (
				B86B82482B95F03B00F018FD /* ShoppingAppDemo.app */,
				B86B82582B95F03D00F018FD /* ShoppingAppDemoTests.xctest */,
				B86B82622B95F03D00F018FD /* ShoppingAppDemoUITests.xctest */,
			);
			name = Products;
			sourceTree = "<group>";
		};
		B86B824A2B95F03B00F018FD /* ShoppingAppDemo */ = {
			isa = PBXGroup;
			children = (
				B86B824B2B95F03B00F018FD /* ShoppingAppDemoApp.swift */,
				B827483E2B974C7600E11ABD /* CartManager.swift */,
				B86B824F2B95F03D00F018FD /* Assets.xcassets */,
				B82748372B97324E00E11ABD /* Views */,
				B82748342B972E4800E11ABD /* Components */,
				B86B82752B95F28300F018FD /* Models */,
				B86B82512B95F03D00F018FD /* Preview Content */,
			);
			path = ShoppingAppDemo;
			sourceTree = "<group>";
		};
		B86B82512B95F03D00F018FD /* Preview Content */ = {
			isa = PBXGroup;
			children = (
				B86B82522B95F03D00F018FD /* Preview Assets.xcassets */,
			);
			path = "Preview Content";
			sourceTree = "<group>";
		};
		B86B825B2B95F03D00F018FD /* ShoppingAppDemoTests */ = {
			isa = PBXGroup;
			children = (
				B86B825C2B95F03D00F018FD /* ShoppingAppDemoTests.swift */,
			);
			path = ShoppingAppDemoTests;
			sourceTree = "<group>";
		};
		B86B82652B95F03D00F018FD /* ShoppingAppDemoUITests */ = {
			isa = PBXGroup;
			children = (
				B86B82662B95F03D00F018FD /* ShoppingAppDemoUITests.swift */,
				B86B82682B95F03D00F018FD /* ShoppingAppDemoUITestsLaunchTests.swift */,
			);
			path = ShoppingAppDemoUITests;
			sourceTree = "<group>";
		};
		B86B82752B95F28300F018FD /* Models */ = {
			isa = PBXGroup;
			children = (
				B86B82762B95F29700F018FD /* Product.swift */,
			);
			path = Models;
			sourceTree = "<group>";
		};
/* End PBXGroup section */

/* Begin PBXNativeTarget section */
		B86B82472B95F03B00F018FD /* ShoppingAppDemo */ = {
			isa = PBXNativeTarget;
			buildConfigurationList = B86B826C2B95F03D00F018FD /* Build configuration list for PBXNativeTarget "ShoppingAppDemo" */;
			buildPhases = (
				B86B82442B95F03B00F018FD /* Sources */,
				B86B82452B95F03B00F018FD /* Frameworks */,
				B86B82462B95F03B00F018FD /* Resources */,
			);
			buildRules = (
			);
			dependencies = (
			);
			name = ShoppingAppDemo;
			productName = ShoppingAppDemo;
			productReference = B86B82482B95F03B00F018FD /* ShoppingAppDemo.app */;
			productType = "com.apple.product-type.application";
		};
		B86B82572B95F03D00F018FD /* ShoppingAppDemoTests */ = {
			isa = PBXNativeTarget;
			buildConfigurationList = B86B826F2B95F03D00F018FD /* Build configuration list for PBXNativeTarget "ShoppingAppDemoTests" */;
			buildPhases = (
				B86B82542B95F03D00F018FD /* Sources */,
				B86B82552B95F03D00F018FD /* Frameworks */,
				B86B82562B95F03D00F018FD /* Resources */,
			);
			buildRules = (
			);
			dependencies = (
				B86B825A2B95F03D00F018FD /* PBXTargetDependency */,
			);
			name = ShoppingAppDemoTests;
			productName = ShoppingAppDemoTests;
			productReference = B86B82582B95F03D00F018FD /* ShoppingAppDemoTests.xctest */;
			productType = "com.apple.product-type.bundle.unit-test";
		};
		B86B82612B95F03D00F018FD /* ShoppingAppDemoUITests */ = {
			isa = PBXNativeTarget;
			buildConfigurationList = B86B82722B95F03D00F018FD /* Build configuration list for PBXNativeTarget "ShoppingAppDemoUITests" */;
			buildPhases = (
				B86B825E2B95F03D00F018FD /* Sources */,
				B86B825F2B95F03D00F018FD /* Frameworks */,
				B86B82602B95F03D00F018FD /* Resources */,
			);
			buildRules = (
			);
			dependencies = (
				B86B82642B95F03D00F018FD /* PBXTargetDependency */,
			);
			name = ShoppingAppDemoUITests;
			productName = ShoppingAppDemoUITests;
			productReference = B86B82622B95F03D00F018FD /* ShoppingAppDemoUITests.xctest */;
			productType = "com.apple.product-type.bundle.ui-testing";
		};
/* End PBXNativeTarget section */

/* Begin PBXProject section */
		B86B82402B95F03B00F018FD /* Project object */ = {
			isa = PBXProject;
			attributes = {
				BuildIndependentTargetsInParallel = 1;
				LastSwiftUpdateCheck = 1430;
				LastUpgradeCheck = 1430;
				TargetAttributes = {
					B86B82472B95F03B00F018FD = {
						CreatedOnToolsVersion = 14.3.1;
					};
					B86B82572B95F03D00F018FD = {
						CreatedOnToolsVersion = 14.3.1;
						TestTargetID = B86B82472B95F03B00F018FD;
					};
					B86B82612B95F03D00F018FD = {
						CreatedOnToolsVersion = 14.3.1;
						TestTargetID = B86B82472B95F03B00F018FD;
					};
				};
			};
			buildConfigurationList = B86B82432B95F03B00F018FD /* Build configuration list for PBXProject "ShoppingAppDemo" */;
			compatibilityVersion = "Xcode 14.0";
			developmentRegion = en;
			hasScannedForEncodings = 0;
			knownRegions = (
				en,
				Base,
			);
			mainGroup = B86B823F2B95F03B00F018FD;
			productRefGroup = B86B82492B95F03B00F018FD /* Products */;
			projectDirPath = "";
			projectRoot = "";
			targets = (
				B86B82472B95F03B00F018FD /* ShoppingAppDemo */,
				B86B82572B95F03D00F018FD /* ShoppingAppDemoTests */,
				B86B82612B95F03D00F018FD /* ShoppingAppDemoUITests */,
			);
		};
/* End PBXProject section */

/* Begin PBXResourcesBuildPhase section */
		B86B82462B95F03B00F018FD /* Resources */ = {
			isa = PBXResourcesBuildPhase;
			buildActionMask = 2147483647;
			files = (
				B86B82532B95F03D00F018FD /* Preview Assets.xcassets in Resources */,
				B86B82502B95F03D00F018FD /* Assets.xcassets in Resources */,
			);
			runOnlyForDeploymentPostprocessing = 0;
		};
		B86B82562B95F03D00F018FD /* Resources */ = {
			isa = PBXResourcesBuildPhase;
			buildActionMask = 2147483647;
			files = (
			);
			runOnlyForDeploymentPostprocessing = 0;
		};
		B86B82602B95F03D00F018FD /* Resources */ = {
			isa = PBXResourcesBuildPhase;
			buildActionMask = 2147483647;
			files = (
			);
			runOnlyForDeploymentPostprocessing = 0;
		};
/* End PBXResourcesBuildPhase section */

/* Begin PBXSourcesBuildPhase section */
		B86B82442B95F03B00F018FD /* Sources */ = {
			isa = PBXSourcesBuildPhase;
			buildActionMask = 2147483647;
			files = (
				B827483D2B973D9100E11ABD /* CartView.swift in Sources */,
				B86B824E2B95F03B00F018FD /* ContentView.swift in Sources */,
				B82748432B974C9B00E11ABD /* CartManager.swift in Sources */,
				B86B824C2B95F03B00F018FD /* ShoppingAppDemoApp.swift in Sources */,
				B82748452B975A7D00E11ABD /* ProductRow.swift in Sources */,
				B86B82772B95F29700F018FD /* Product.swift in Sources */,
				B82748362B972E7800E11ABD /* ProductCard.swift in Sources */,
				B827483B2B973BD000E11ABD /* CartButton.swift in Sources */,
			);
			runOnlyForDeploymentPostprocessing = 0;
		};
		B86B82542B95F03D00F018FD /* Sources */ = {
			isa = PBXSourcesBuildPhase;
			buildActionMask = 2147483647;
			files = (
				B86B825D2B95F03D00F018FD /* ShoppingAppDemoTests.swift in Sources */,
			);
			runOnlyForDeploymentPostprocessing = 0;
		};
		B86B825E2B95F03D00F018FD /* Sources */ = {
			isa = PBXSourcesBuildPhase;
			buildActionMask = 2147483647;
			files = (
				B86B82672B95F03D00F018FD /* ShoppingAppDemoUITests.swift in Sources */,
				B86B82692B95F03D00F018FD /* ShoppingAppDemoUITestsLaunchTests.swift in Sources */,
			);
			runOnlyForDeploymentPostprocessing = 0;
		};
/* End PBXSourcesBuildPhase section */

/* Begin PBXTargetDependency section */
		B86B825A2B95F03D00F018FD /* PBXTargetDependency */ = {
			isa = PBXTargetDependency;
			target = B86B82472B95F03B00F018FD /* ShoppingAppDemo */;
			targetProxy = B86B82592B95F03D00F018FD /* PBXContainerItemProxy */;
		};
		B86B82642B95F03D00F018FD /* PBXTargetDependency */ = {
			isa = PBXTargetDependency;
			target = B86B82472B95F03B00F018FD /* ShoppingAppDemo */;
			targetProxy = B86B82632B95F03D00F018FD /* PBXContainerItemProxy */;
		};
/* End PBXTargetDependency section */

/* Begin XCBuildConfiguration section */
		B86B826A2B95F03D00F018FD /* Debug */ = {
			isa = XCBuildConfiguration;
			buildSettings = {
				ALWAYS_SEARCH_USER_PATHS = NO;
				CLANG_ANALYZER_NONNULL = YES;
				CLANG_ANALYZER_NUMBER_OBJECT_CONVERSION = YES_AGGRESSIVE;
				CLANG_CXX_LANGUAGE_STANDARD = "gnu++20";
				CLANG_ENABLE_MODULES = YES;
				CLANG_ENABLE_OBJC_ARC = YES;
				CLANG_ENABLE_OBJC_WEAK = YES;
				CLANG_WARN_BLOCK_CAPTURE_AUTORELEASING = YES;
				CLANG_WARN_BOOL_CONVERSION = YES;
				CLANG_WARN_COMMA = YES;
				CLANG_WARN_CONSTANT_CONVERSION = YES;
				CLANG_WARN_DEPRECATED_OBJC_IMPLEMENTATIONS = YES;
				CLANG_WARN_DIRECT_OBJC_ISA_USAGE = YES_ERROR;
				CLANG_WARN_DOCUMENTATION_COMMENTS = YES;
				CLANG_WARN_EMPTY_BODY = YES;
				CLANG_WARN_ENUM_CONVERSION = YES;
				CLANG_WARN_INFINITE_RECURSION = YES;
				CLANG_WARN_INT_CONVERSION = YES;
				CLANG_WARN_NON_LITERAL_NULL_CONVERSION = YES;
				CLANG_WARN_OBJC_IMPLICIT_RETAIN_SELF = YES;
				CLANG_WARN_OBJC_LITERAL_CONVERSION = YES;
				CLANG_WARN_OBJC_ROOT_CLASS = YES_ERROR;
				CLANG_WARN_QUOTED_INCLUDE_IN_FRAMEWORK_HEADER = YES;
				CLANG_WARN_RANGE_LOOP_ANALYSIS = YES;
				CLANG_WARN_STRICT_PROTOTYPES = YES;
				CLANG_WARN_SUSPICIOUS_MOVE = YES;
				CLANG_WARN_UNGUARDED_AVAILABILITY = YES_AGGRESSIVE;
				CLANG_WARN_UNREACHABLE_CODE = YES;
				CLANG_WARN__DUPLICATE_METHOD_MATCH = YES;
				COPY_PHASE_STRIP = NO;
				DEBUG_INFORMATION_FORMAT = dwarf;
				ENABLE_STRICT_OBJC_MSGSEND = YES;
				ENABLE_TESTABILITY = YES;
				GCC_C_LANGUAGE_STANDARD = gnu11;
				GCC_DYNAMIC_NO_PIC = NO;
				GCC_NO_COMMON_BLOCKS = YES;
				GCC_OPTIMIZATION_LEVEL = 0;
				GCC_PREPROCESSOR_DEFINITIONS = (
					"DEBUG=1",
					"$(inherited)",
				);
				GCC_WARN_64_TO_32_BIT_CONVERSION = YES;
				GCC_WARN_ABOUT_RETURN_TYPE = YES_ERROR;
				GCC_WARN_UNDECLARED_SELECTOR = YES;
				GCC_WARN_UNINITIALIZED_AUTOS = YES_AGGRESSIVE;
				GCC_WARN_UNUSED_FUNCTION = YES;
				GCC_WARN_UNUSED_VARIABLE = YES;
				IPHONEOS_DEPLOYMENT_TARGET = 16.4;
				MTL_ENABLE_DEBUG_INFO = INCLUDE_SOURCE;
				MTL_FAST_MATH = YES;
				ONLY_ACTIVE_ARCH = YES;
				SDKROOT = iphoneos;
				SWIFT_ACTIVE_COMPILATION_CONDITIONS = DEBUG;
				SWIFT_OPTIMIZATION_LEVEL = "-Onone";
			};
			name = Debug;
		};
		B86B826B2B95F03D00F018FD /* Release */ = {
			isa = XCBuildConfiguration;
			buildSettings = {
				ALWAYS_SEARCH_USER_PATHS = NO;
				CLANG_ANALYZER_NONNULL = YES;
				CLANG_ANALYZER_NUMBER_OBJECT_CONVERSION = YES_AGGRESSIVE;
				CLANG_CXX_LANGUAGE_STANDARD = "gnu++20";
				CLANG_ENABLE_MODULES = YES;
				CLANG_ENABLE_OBJC_ARC = YES;
				CLANG_ENABLE_OBJC_WEAK = YES;
				CLANG_WARN_BLOCK_CAPTURE_AUTORELEASING = YES;
				CLANG_WARN_BOOL_CONVERSION = YES;
				CLANG_WARN_COMMA = YES;
				CLANG_WARN_CONSTANT_CONVERSION = YES;
				CLANG_WARN_DEPRECATED_OBJC_IMPLEMENTATIONS = YES;
				CLANG_WARN_DIRECT_OBJC_ISA_USAGE = YES_ERROR;
				CLANG_WARN_DOCUMENTATION_COMMENTS = YES;
				CLANG_WARN_EMPTY_BODY = YES;
				CLANG_WARN_ENUM_CONVERSION = YES;
				CLANG_WARN_INFINITE_RECURSION = YES;
				CLANG_WARN_INT_CONVERSION = YES;
				CLANG_WARN_NON_LITERAL_NULL_CONVERSION = YES;
				CLANG_WARN_OBJC_IMPLICIT_RETAIN_SELF = YES;
				CLANG_WARN_OBJC_LITERAL_CONVERSION = YES;
				CLANG_WARN_OBJC_ROOT_CLASS = YES_ERROR;
				CLANG_WARN_QUOTED_INCLUDE_IN_FRAMEWORK_HEADER = YES;
				CLANG_WARN_RANGE_LOOP_ANALYSIS = YES;
				CLANG_WARN_STRICT_PROTOTYPES = YES;
				CLANG_WARN_SUSPICIOUS_MOVE = YES;
				CLANG_WARN_UNGUARDED_AVAILABILITY = YES_AGGRESSIVE;
				CLANG_WARN_UNREACHABLE_CODE = YES;
				CLANG_WARN__DUPLICATE_METHOD_MATCH = YES;
				COPY_PHASE_STRIP = NO;
				DEBUG_INFORMATION_FORMAT = "dwarf-with-dsym";
				ENABLE_NS_ASSERTIONS = NO;
				ENABLE_STRICT_OBJC_MSGSEND = YES;
				GCC_C_LANGUAGE_STANDARD = gnu11;
				GCC_NO_COMMON_BLOCKS = YES;
				GCC_WARN_64_TO_32_BIT_CONVERSION = YES;
				GCC_WARN_ABOUT_RETURN_TYPE = YES_ERROR;
				GCC_WARN_UNDECLARED_SELECTOR = YES;
				GCC_WARN_UNINITIALIZED_AUTOS = YES_AGGRESSIVE;
				GCC_WARN_UNUSED_FUNCTION = YES;
				GCC_WARN_UNUSED_VARIABLE = YES;
				IPHONEOS_DEPLOYMENT_TARGET = 16.4;
				MTL_ENABLE_DEBUG_INFO = NO;
				MTL_FAST_MATH = YES;
				SDKROOT = iphoneos;
				SWIFT_COMPILATION_MODE = wholemodule;
				SWIFT_OPTIMIZATION_LEVEL = "-O";
				VALIDATE_PRODUCT = YES;
			};
			name = Release;
		};
		B86B826D2B95F03D00F018FD /* Debug */ = {
			isa = XCBuildConfiguration;
			buildSettings = {
				ASSETCATALOG_COMPILER_APPICON_NAME = AppIcon;
				ASSETCATALOG_COMPILER_GLOBAL_ACCENT_COLOR_NAME = AccentColor;
				CODE_SIGN_STYLE = Automatic;
				CURRENT_PROJECT_VERSION = 1;
				DEVELOPMENT_ASSET_PATHS = "\"ShoppingAppDemo/Preview Content\"";
				ENABLE_PREVIEWS = YES;
				GENERATE_INFOPLIST_FILE = YES;
				INFOPLIST_KEY_UIApplicationSceneManifest_Generation = YES;
				INFOPLIST_KEY_UIApplicationSupportsIndirectInputEvents = YES;
				INFOPLIST_KEY_UILaunchScreen_Generation = YES;
				INFOPLIST_KEY_UISupportedInterfaceOrientations_iPad = "UIInterfaceOrientationPortrait UIInterfaceOrientationPortraitUpsideDown UIInterfaceOrientationLandscapeLeft UIInterfaceOrientationLandscapeRight";
				INFOPLIST_KEY_UISupportedInterfaceOrientations_iPhone = "UIInterfaceOrientationPortrait UIInterfaceOrientationLandscapeLeft UIInterfaceOrientationLandscapeRight";
				LD_RUNPATH_SEARCH_PATHS = (
					"$(inherited)",
					"@executable_path/Frameworks",
				);
				MARKETING_VERSION = 1.0;
				PRODUCT_BUNDLE_IDENTIFIER = com.first.ShoppingAppDemo;
				PRODUCT_NAME = "$(TARGET_NAME)";
				SWIFT_EMIT_LOC_STRINGS = YES;
				SWIFT_VERSION = 5.0;
				TARGETED_DEVICE_FAMILY = "1,2";
			};
			name = Debug;
		};
		B86B826E2B95F03D00F018FD /* Release */ = {
			isa = XCBuildConfiguration;
			buildSettings = {
				ASSETCATALOG_COMPILER_APPICON_NAME = AppIcon;
				ASSETCATALOG_COMPILER_GLOBAL_ACCENT_COLOR_NAME = AccentColor;
				CODE_SIGN_STYLE = Automatic;
				CURRENT_PROJECT_VERSION = 1;
				DEVELOPMENT_ASSET_PATHS = "\"ShoppingAppDemo/Preview Content\"";
				ENABLE_PREVIEWS = YES;
				GENERATE_INFOPLIST_FILE = YES;
				INFOPLIST_KEY_UIApplicationSceneManifest_Generation = YES;
				INFOPLIST_KEY_UIApplicationSupportsIndirectInputEvents = YES;
				INFOPLIST_KEY_UILaunchScreen_Generation = YES;
				INFOPLIST_KEY_UISupportedInterfaceOrientations_iPad = "UIInterfaceOrientationPortrait UIInterfaceOrientationPortraitUpsideDown UIInterfaceOrientationLandscapeLeft UIInterfaceOrientationLandscapeRight";
				INFOPLIST_KEY_UISupportedInterfaceOrientations_iPhone = "UIInterfaceOrientationPortrait UIInterfaceOrientationLandscapeLeft UIInterfaceOrientationLandscapeRight";
				LD_RUNPATH_SEARCH_PATHS = (
					"$(inherited)",
					"@executable_path/Frameworks",
				);
				MARKETING_VERSION = 1.0;
				PRODUCT_BUNDLE_IDENTIFIER = com.first.ShoppingAppDemo;
				PRODUCT_NAME = "$(TARGET_NAME)";
				SWIFT_EMIT_LOC_STRINGS = YES;
				SWIFT_VERSION = 5.0;
				TARGETED_DEVICE_FAMILY = "1,2";
			};
			name = Release;
		};
		B86B82702B95F03D00F018FD /* Debug */ = {
			isa = XCBuildConfiguration;
			buildSettings = {
				ALWAYS_EMBED_SWIFT_STANDARD_LIBRARIES = YES;
				BUNDLE_LOADER = "$(TEST_HOST)";
				CODE_SIGN_STYLE = Automatic;
				CURRENT_PROJECT_VERSION = 1;
				GENERATE_INFOPLIST_FILE = YES;
				IPHONEOS_DEPLOYMENT_TARGET = 16.4;
				MARKETING_VERSION = 1.0;
				PRODUCT_BUNDLE_IDENTIFIER = com.first.ShoppingAppDemoTests;
				PRODUCT_NAME = "$(TARGET_NAME)";
				SWIFT_EMIT_LOC_STRINGS = NO;
				SWIFT_VERSION = 5.0;
				TARGETED_DEVICE_FAMILY = "1,2";
				TEST_HOST = "$(BUILT_PRODUCTS_DIR)/ShoppingAppDemo.app/$(BUNDLE_EXECUTABLE_FOLDER_PATH)/ShoppingAppDemo";
			};
			name = Debug;
		};
		B86B82712B95F03D00F018FD /* Release */ = {
			isa = XCBuildConfiguration;
			buildSettings = {
				ALWAYS_EMBED_SWIFT_STANDARD_LIBRARIES = YES;
				BUNDLE_LOADER = "$(TEST_HOST)";
				CODE_SIGN_STYLE = Automatic;
				CURRENT_PROJECT_VERSION = 1;
				GENERATE_INFOPLIST_FILE = YES;
				IPHONEOS_DEPLOYMENT_TARGET = 16.4;
				MARKETING_VERSION = 1.0;
				PRODUCT_BUNDLE_IDENTIFIER = com.first.ShoppingAppDemoTests;
				PRODUCT_NAME = "$(TARGET_NAME)";
				SWIFT_EMIT_LOC_STRINGS = NO;
				SWIFT_VERSION = 5.0;
				TARGETED_DEVICE_FAMILY = "1,2";
				TEST_HOST = "$(BUILT_PRODUCTS_DIR)/ShoppingAppDemo.app/$(BUNDLE_EXECUTABLE_FOLDER_PATH)/ShoppingAppDemo";
			};
			name = Release;
		};
		B86B82732B95F03D00F018FD /* Debug */ = {
			isa = XCBuildConfiguration;
			buildSettings = {
				ALWAYS_EMBED_SWIFT_STANDARD_LIBRARIES = YES;
				CODE_SIGN_STYLE = Automatic;
				CURRENT_PROJECT_VERSION = 1;
				GENERATE_INFOPLIST_FILE = YES;
				MARKETING_VERSION = 1.0;
				PRODUCT_BUNDLE_IDENTIFIER = com.first.ShoppingAppDemoUITests;
				PRODUCT_NAME = "$(TARGET_NAME)";
				SWIFT_EMIT_LOC_STRINGS = NO;
				SWIFT_VERSION = 5.0;
				TARGETED_DEVICE_FAMILY = "1,2";
				TEST_TARGET_NAME = ShoppingAppDemo;
			};
			name = Debug;
		};
		B86B82742B95F03D00F018FD /* Release */ = {
			isa = XCBuildConfiguration;
			buildSettings = {
				ALWAYS_EMBED_SWIFT_STANDARD_LIBRARIES = YES;
				CODE_SIGN_STYLE = Automatic;
				CURRENT_PROJECT_VERSION = 1;
				GENERATE_INFOPLIST_FILE = YES;
				MARKETING_VERSION = 1.0;
				PRODUCT_BUNDLE_IDENTIFIER = com.first.ShoppingAppDemoUITests;
				PRODUCT_NAME = "$(TARGET_NAME)";
				SWIFT_EMIT_LOC_STRINGS = NO;
				SWIFT_VERSION = 5.0;
				TARGETED_DEVICE_FAMILY = "1,2";
				TEST_TARGET_NAME = ShoppingAppDemo;
			};
			name = Release;
		};
/* End XCBuildConfiguration section */

/* Begin XCConfigurationList section */
		B86B82432B95F03B00F018FD /* Build configuration list for PBXProject "ShoppingAppDemo" */ = {
			isa = XCConfigurationList;
			buildConfigurations = (
				B86B826A2B95F03D00F018FD /* Debug */,
				B86B826B2B95F03D00F018FD /* Release */,
			);
			defaultConfigurationIsVisible = 0;
			defaultConfigurationName = Release;
		};
		B86B826C2B95F03D00F018FD /* Build configuration list for PBXNativeTarget "ShoppingAppDemo" */ = {
			isa = XCConfigurationList;
			buildConfigurations = (
				B86B826D2B95F03D00F018FD /* Debug */,
				B86B826E2B95F03D00F018FD /* Release */,
			);
			defaultConfigurationIsVisible = 0;
			defaultConfigurationName = Release;
		};
		B86B826F2B95F03D00F018FD /* Build configuration list for PBXNativeTarget "ShoppingAppDemoTests" */ = {
			isa = XCConfigurationList;
			buildConfigurations = (
				B86B82702B95F03D00F018FD /* Debug */,
				B86B82712B95F03D00F018FD /* Release */,
			);
			defaultConfigurationIsVisible = 0;
			defaultConfigurationName = Release;
		};
		B86B82722B95F03D00F018FD /* Build configuration list for PBXNativeTarget "ShoppingAppDemoUITests" */ = {
			isa = XCConfigurationList;
			buildConfigurations = (
				B86B82732B95F03D00F018FD /* Debug */,
				B86B82742B95F03D00F018FD /* Release */,
			);
			defaultConfigurationIsVisible = 0;
			defaultConfigurationName = Release;
		};
/* End XCConfigurationList section */
	};
	rootObject = B86B82402B95F03B00F018FD /* Project object */;
}
